
Microsoft Visual Studio Solution File, Format Version 12.00
# Visual Studio Version 17
VisualStudioVersion = 17.10.35027.167
MinimumVisualStudioVersion = 10.0.40219.1
Project("{9A19103F-16F7-4668-BE54-9A1E7A4F7556}") = "GUI", "GUI\GUI.csproj", "{A039348B-AA8E-401E-B2DF-CEA47B385E7F}"
EndProject
Project("{9A19103F-16F7-4668-BE54-9A1E7A4F7556}") = "GUI.Desktop", "GUI.Desktop\GUI.Desktop.csproj", "{AA205AFC-2DF6-42E7-BAF7-76CADA15DE6F}"
EndProject
Project("{9A19103F-16F7-4668-BE54-9A1E7A4F7556}") = "GUI.Browser", "GUI.Browser\GUI.Browser.csproj", "{583B3D9B-B9A0-4B35-A62D-FDF563995656}"
EndProject
Project("{FAE04EC0-301F-11D3-BF4B-00C04F79EFBC}") = "TestBox", "TestBox\TestBox.csproj", "{B86F36DE-E4AB-42EF-B5C0-8076C14FD7BD}"
EndProject
Global
	GlobalSection(SolutionConfigurationPlatforms) = preSolution
		Debug|Any CPU = Debug|Any CPU
		Release|Any CPU = Release|Any CPU
	EndGlobalSection
	GlobalSection(ProjectConfigurationPlatforms) = postSolution
		{A039348B-AA8E-401E-B2DF-CEA47B385E7F}.Debug|Any CPU.ActiveCfg = Debug|Any CPU
		{A039348B-AA8E-401E-B2DF-CEA47B385E7F}.Debug|Any CPU.Build.0 = Debug|Any CPU
		{A039348B-AA8E-401E-B2DF-CEA47B385E7F}.Release|Any CPU.ActiveCfg = Release|Any CPU
		{A039348B-AA8E-401E-B2DF-CEA47B385E7F}.Release|Any CPU.Build.0 = Release|Any CPU
		{AA205AFC-2DF6-42E7-BAF7-76CADA15DE6F}.Debug|Any CPU.ActiveCfg = Debug|Any CPU
		{AA205AFC-2DF6-42E7-BAF7-76CADA15DE6F}.Debug|Any CPU.Build.0 = Debug|Any CPU
		{AA205AFC-2DF6-42E7-BAF7-76CADA15DE6F}.Release|Any CPU.ActiveCfg = Release|Any CPU
		{AA205AFC-2DF6-42E7-BAF7-76CADA15DE6F}.Release|Any CPU.Build.0 = Release|Any CPU
		{583B3D9B-B9A0-4B35-A62D-FDF563995656}.Debug|Any CPU.ActiveCfg = Debug|Any CPU
		{583B3D9B-B9A0-4B35-A62D-FDF563995656}.Debug|Any CPU.Build.0 = Debug|Any CPU
		{583B3D9B-B9A0-4B35-A62D-FDF563995656}.Release|Any CPU.ActiveCfg = Release|Any CPU
		{583B3D9B-B9A0-4B35-A62D-FDF563995656}.Release|Any CPU.Build.0 = Release|Any CPU
		{B86F36DE-E4AB-42EF-B5C0-8076C14FD7BD}.Debug|Any CPU.ActiveCfg = Debug|Any CPU
		{B86F36DE-E4AB-42EF-B5C0-8076C14FD7BD}.Debug|Any CPU.Build.0 = Debug|Any CPU
		{B86F36DE-E4AB-42EF-B5C0-8076C14FD7BD}.Release|Any CPU.ActiveCfg = Release|Any CPU
		{B86F36DE-E4AB-42EF-B5C0-8076C14FD7BD}.Release|Any CPU.Build.0 = Release|Any CPU
	EndGlobalSection
	GlobalSection(SolutionProperties) = preSolution
		HideSolutionNode = FALSE
	EndGlobalSection
	GlobalSection(ExtensibilityGlobals) = postSolution
		SolutionGuid = {B8A1E6ED-D3CD-4C2E-8984-007EAA980322}
	EndGlobalSection
EndGlobal
